
Microsoft Visual Studio Solution File, Format Version 12.00
# Visual Studio 15
VisualStudioVersion = 15.0.28307.1000
MinimumVisualStudioVersion = 10.0.40219.1
Project("{FAE04EC0-301F-11D3-BF4B-00C04F79EFBC}") = "ewebsite", "ewebsite\ewebsite.csproj", "{A5B11078-085E-421A-87AC-D397816B796D}"
EndProject
Global
	GlobalSection(SolutionConfigurationPlatforms) = preSolution
		Debug|Any CPU = Debug|Any CPU
		Release|Any CPU = Release|Any CPU
	EndGlobalSection
	GlobalSection(ProjectConfigurationPlatforms) = postSolution
		{A5B11078-085E-421A-87AC-D397816B796D}.Debug|Any CPU.ActiveCfg = Debug|Any CPU
		{A5B11078-085E-421A-87AC-D397816B796D}.Debug|Any CPU.Build.0 = Debug|Any CPU
		{A5B11078-085E-421A-87AC-D397816B796D}.Release|Any CPU.ActiveCfg = Release|Any CPU
		{A5B11078-085E-421A-87AC-D397816B796D}.Release|Any CPU.Build.0 = Release|Any CPU
	EndGlobalSection
	GlobalSection(SolutionProperties) = preSolution
		HideSolutionNode = FALSE
	EndGlobalSection
	GlobalSection(ExtensibilityGlobals) = postSolution
		SolutionGuid = {6FE13695-1FE0-4045-8FDF-7D972BE3135D}
	EndGlobalSection
EndGlobal
